
Microsoft Visual Studio Solution File, Format Version 12.00
# Visual Studio Version 17
VisualStudioVersion = 17.14.36811.4 d17.14
MinimumVisualStudioVersion = 10.0.40219.1
Project("{FAE04EC0-301F-11D3-BF4B-00C04F79EFBC}") = "BTCPayServer.Plugins.Saleor", "BTCPayServer.Plugins.Saleor.csproj", "{9F764F72-ECC5-9DB5-4FE2-F8BB2D95752A}"
EndProject
Global
	GlobalSection(SolutionConfigurationPlatforms) = preSolution
		Debug|Any CPU = Debug|Any CPU
		Release|Any CPU = Release|Any CPU
	EndGlobalSection
	GlobalSection(ProjectConfigurationPlatforms) = postSolution
		{9F764F72-ECC5-9DB5-4FE2-F8BB2D95752A}.Debug|Any CPU.ActiveCfg = Debug|Any CPU
		{9F764F72-ECC5-9DB5-4FE2-F8BB2D95752A}.Debug|Any CPU.Build.0 = Debug|Any CPU
		{9F764F72-ECC5-9DB5-4FE2-F8BB2D95752A}.Release|Any CPU.ActiveCfg = Release|Any CPU
		{9F764F72-ECC5-9DB5-4FE2-F8BB2D95752A}.Release|Any CPU.Build.0 = Release|Any CPU
	EndGlobalSection
	GlobalSection(SolutionProperties) = preSolution
		HideSolutionNode = FALSE
	EndGlobalSection
	GlobalSection(ExtensibilityGlobals) = postSolution
		SolutionGuid = {B615AD5F-0F67-4D1C-9709-CCDDA125DE13}
	EndGlobalSection
EndGlobal
