
Microsoft Visual Studio Solution File, Format Version 12.00
# Visual Studio Version 17
VisualStudioVersion = 17.9.34616.47
MinimumVisualStudioVersion = 10.0.40219.1
Project("{9A19103F-16F7-4668-BE54-9A1E7A4F7556}") = "BTCPayServer.Plugins.BigCommercePlugin", "BTCPayServer.Plugins.BigCommercePlugin.csproj", "{AC1D1E81-54E2-497C-8A75-139D9FA9760B}"
EndProject
Global
	GlobalSection(SolutionConfigurationPlatforms) = preSolution
		Debug|Any CPU = Debug|Any CPU
		Release|Any CPU = Release|Any CPU
	EndGlobalSection
	GlobalSection(ProjectConfigurationPlatforms) = postSolution
		{AC1D1E81-54E2-497C-8A75-139D9FA9760B}.Debug|Any CPU.ActiveCfg = Debug|Any CPU
		{AC1D1E81-54E2-497C-8A75-139D9FA9760B}.Debug|Any CPU.Build.0 = Debug|Any CPU
		{AC1D1E81-54E2-497C-8A75-139D9FA9760B}.Release|Any CPU.ActiveCfg = Release|Any CPU
		{AC1D1E81-54E2-497C-8A75-139D9FA9760B}.Release|Any CPU.Build.0 = Release|Any CPU
	EndGlobalSection
	GlobalSection(SolutionProperties) = preSolution
		HideSolutionNode = FALSE
	EndGlobalSection
	GlobalSection(ExtensibilityGlobals) = postSolution
		SolutionGuid = {A279DA0A-FBF3-4413-BA88-CFD763E87CFD}
	EndGlobalSection
EndGlobal
